{
  "name": "ezGit",
  "lockfileVersion": 3,
  "requires": true,
  "packages": {
    "": {
      "dependencies": {
        "@tanstack/react-query": "^5.95.0"
      }
    },
    "node_modules/@tanstack/query-core": {
      "version": "5.95.0",
      "resolved": "https://registry.npmjs.org/@tanstack/query-core/-/query-core-5.95.0.tgz",
      "integrity": "sha512-H1/CWCe8tGL3YIVeo770Z6kPbt0B3M1d/iQXIIK1qlFiFt6G2neYdkHgLapOC8uMYNt9DmHjmGukEKgdMk1P+A==",
      "license": "MIT",
      "funding": {
        "type": "github",
        "url": "https://github.com/sponsors/tannerlinsley"
      }
    },
    "node_modules/@tanstack/react-query": {
      "version": "5.95.0",
      "resolved": "https://registry.npmjs.org/@tanstack/react-query/-/react-query-5.95.0.tgz",
      "integrity": "sha512-EMP8B+BK9zvnAemT8M/y3z/WO0NjZ7fIUY3T3wnHYK6AA3qK/k33i7tPgCXCejhX0cd4I6bJIXN2GmjrHjDBzg==",
      "license": "MIT",
      "dependencies": {
        "@tanstack/query-core": "5.95.0"
      },
      "funding": {
        "type": "github",
        "url": "https://github.com/sponsors/tannerlinsley"
      },
      "peerDependencies": {
        "react": "^18 || ^19"
      }
    },
    "node_modules/react": {
      "version": "19.2.4",
      "resolved": "https://registry.npmjs.org/react/-/react-19.2.4.tgz",
      "integrity": "sha512-9nfp2hYpCwOjAN+8TZFGhtWEwgvWHXqESH8qT89AT/lWklpLON22Lc8pEtnpsZz7VmawabSU0gCjnj8aC0euHQ==",
      "license": "MIT",
      "peer": true,
      "engines": {
        "node": ">=0.10.0"
      }
    }
  }
}
